
Microsoft Visual Studio Solution File, Format Version 12.00
# Visual Studio 14
VisualStudioVersion = 14.0.23107.0
MinimumVisualStudioVersion = 10.0.40219.1
Project("{FAE04EC0-301F-11D3-BF4B-00C04F79EFBC}") = "TestDebugInfo", "TestDebugInfo\TestDebugInfo.csproj", "{F9914A60-2E4B-472F-B1F3-BD08FD23CA92}"
EndProject
Global
	GlobalSection(SolutionConfigurationPlatforms) = preSolution
		Debug|Any CPU = Debug|Any CPU
		Release|Any CPU = Release|Any CPU
	EndGlobalSection
	GlobalSection(ProjectConfigurationPlatforms) = postSolution
		{F9914A60-2E4B-472F-B1F3-BD08FD23CA92}.Debug|Any CPU.ActiveCfg = Debug|Any CPU
		{F9914A60-2E4B-472F-B1F3-BD08FD23CA92}.Debug|Any CPU.Build.0 = Debug|Any CPU
		{F9914A60-2E4B-472F-B1F3-BD08FD23CA92}.Release|Any CPU.ActiveCfg = Release|Any CPU
		{F9914A60-2E4B-472F-B1F3-BD08FD23CA92}.Release|Any CPU.Build.0 = Release|Any CPU
	EndGlobalSection
	GlobalSection(SolutionProperties) = preSolution
		HideSolutionNode = FALSE
	EndGlobalSection
EndGlobal
