
Microsoft Visual Studio Solution File, Format Version 12.00
# Visual Studio Version 16
VisualStudioVersion = 16.0.28714.193
MinimumVisualStudioVersion = 10.0.40219.1
Project("{2150E333-8FDC-42A3-9474-1A3956D46DE8}") = "Solution Items", "Solution Items", "{0F6A8810-AAD1-4A59-9BB8-CE817C385170}"
	ProjectSection(SolutionItems) = preProject
		..\..\Build-Interop.ps1 = ..\..\Build-Interop.ps1
		readme.md = readme.md
	EndProjectSection
EndProject
Project("{9A19103F-16F7-4668-BE54-9A1E7A4F7556}") = "Llvm.NET.Interop", "Llvm.NET.Interop\Llvm.NET.Interop.csproj", "{67857F7E-8FE8-4201-A90F-5346182C725F}"
	ProjectSection(ProjectDependencies) = postProject
		{025C2743-8A48-4B37-978A-C3A65F55DC46} = {025C2743-8A48-4B37-978A-C3A65F55DC46}
		{6C77A7DE-D464-430F-96A9-A64768763B5F} = {6C77A7DE-D464-430F-96A9-A64768763B5F}
	EndProjectSection
EndProject
Project("{9A19103F-16F7-4668-BE54-9A1E7A4F7556}") = "LlvmBindingsGenerator", "LlvmBindingsGenerator\LlvmBindingsGenerator.csproj", "{025C2743-8A48-4B37-978A-C3A65F55DC46}"
EndProject
Project("{8BC9CEB8-8B4A-11D0-8D11-00A0C91BC942}") = "LibLLVM", "LibLLVM\LibLLVM.vcxproj", "{6C77A7DE-D464-430F-96A9-A64768763B5F}"
	ProjectSection(ProjectDependencies) = postProject
		{025C2743-8A48-4B37-978A-C3A65F55DC46} = {025C2743-8A48-4B37-978A-C3A65F55DC46}
	EndProjectSection
EndProject
Project("{9A19103F-16F7-4668-BE54-9A1E7A4F7556}") = "InteropTests", "InteropTests\InteropTests.csproj", "{BACFB2C9-6E48-4B0F-A4CA-3B5E6F8D286C}"
	ProjectSection(ProjectDependencies) = postProject
		{67857F7E-8FE8-4201-A90F-5346182C725F} = {67857F7E-8FE8-4201-A90F-5346182C725F}
	EndProjectSection
EndProject
Global
	GlobalSection(SolutionConfigurationPlatforms) = preSolution
		Debug|Any CPU = Debug|Any CPU
		Debug|x64 = Debug|x64
		Debug|x86 = Debug|x86
		Release|Any CPU = Release|Any CPU
		Release|x64 = Release|x64
		Release|x86 = Release|x86
	EndGlobalSection
	GlobalSection(ProjectConfigurationPlatforms) = postSolution
		{67857F7E-8FE8-4201-A90F-5346182C725F}.Debug|Any CPU.ActiveCfg = Debug|Any CPU
		{67857F7E-8FE8-4201-A90F-5346182C725F}.Debug|Any CPU.Build.0 = Debug|Any CPU
		{67857F7E-8FE8-4201-A90F-5346182C725F}.Debug|x64.ActiveCfg = Debug|Any CPU
		{67857F7E-8FE8-4201-A90F-5346182C725F}.Debug|x64.Build.0 = Debug|Any CPU
		{67857F7E-8FE8-4201-A90F-5346182C725F}.Debug|x86.ActiveCfg = Debug|Any CPU
		{67857F7E-8FE8-4201-A90F-5346182C725F}.Debug|x86.Build.0 = Debug|Any CPU
		{67857F7E-8FE8-4201-A90F-5346182C725F}.Release|Any CPU.ActiveCfg = Release|Any CPU
		{67857F7E-8FE8-4201-A90F-5346182C725F}.Release|Any CPU.Build.0 = Release|Any CPU
		{67857F7E-8FE8-4201-A90F-5346182C725F}.Release|x64.ActiveCfg = Release|Any CPU
		{67857F7E-8FE8-4201-A90F-5346182C725F}.Release|x64.Build.0 = Release|Any CPU
		{67857F7E-8FE8-4201-A90F-5346182C725F}.Release|x86.ActiveCfg = Release|Any CPU
		{67857F7E-8FE8-4201-A90F-5346182C725F}.Release|x86.Build.0 = Release|Any CPU
		{025C2743-8A48-4B37-978A-C3A65F55DC46}.Debug|Any CPU.ActiveCfg = Debug|Any CPU
		{025C2743-8A48-4B37-978A-C3A65F55DC46}.Debug|Any CPU.Build.0 = Debug|Any CPU
		{025C2743-8A48-4B37-978A-C3A65F55DC46}.Debug|x64.ActiveCfg = Debug|Any CPU
		{025C2743-8A48-4B37-978A-C3A65F55DC46}.Debug|x64.Build.0 = Debug|Any CPU
		{025C2743-8A48-4B37-978A-C3A65F55DC46}.Debug|x86.ActiveCfg = Debug|Any CPU
		{025C2743-8A48-4B37-978A-C3A65F55DC46}.Debug|x86.Build.0 = Debug|Any CPU
		{025C2743-8A48-4B37-978A-C3A65F55DC46}.Release|Any CPU.ActiveCfg = Release|Any CPU
		{025C2743-8A48-4B37-978A-C3A65F55DC46}.Release|Any CPU.Build.0 = Release|Any CPU
		{025C2743-8A48-4B37-978A-C3A65F55DC46}.Release|x64.ActiveCfg = Release|Any CPU
		{025C2743-8A48-4B37-978A-C3A65F55DC46}.Release|x64.Build.0 = Release|Any CPU
		{025C2743-8A48-4B37-978A-C3A65F55DC46}.Release|x86.ActiveCfg = Release|Any CPU
		{025C2743-8A48-4B37-978A-C3A65F55DC46}.Release|x86.Build.0 = Release|Any CPU
		{6C77A7DE-D464-430F-96A9-A64768763B5F}.Debug|Any CPU.ActiveCfg = Debug|x64
		{6C77A7DE-D464-430F-96A9-A64768763B5F}.Debug|Any CPU.Build.0 = Debug|x64
		{6C77A7DE-D464-430F-96A9-A64768763B5F}.Debug|x64.ActiveCfg = Debug|x64
		{6C77A7DE-D464-430F-96A9-A64768763B5F}.Debug|x64.Build.0 = Debug|x64
		{6C77A7DE-D464-430F-96A9-A64768763B5F}.Debug|x86.ActiveCfg = Debug|x64
		{6C77A7DE-D464-430F-96A9-A64768763B5F}.Release|Any CPU.ActiveCfg = Release|x64
		{6C77A7DE-D464-430F-96A9-A64768763B5F}.Release|Any CPU.Build.0 = Release|x64
		{6C77A7DE-D464-430F-96A9-A64768763B5F}.Release|x64.ActiveCfg = Release|x64
		{6C77A7DE-D464-430F-96A9-A64768763B5F}.Release|x64.Build.0 = Release|x64
		{6C77A7DE-D464-430F-96A9-A64768763B5F}.Release|x86.ActiveCfg = Release|x64
		{BACFB2C9-6E48-4B0F-A4CA-3B5E6F8D286C}.Debug|Any CPU.ActiveCfg = Debug|Any CPU
		{BACFB2C9-6E48-4B0F-A4CA-3B5E6F8D286C}.Debug|Any CPU.Build.0 = Debug|Any CPU
		{BACFB2C9-6E48-4B0F-A4CA-3B5E6F8D286C}.Debug|x64.ActiveCfg = Debug|Any CPU
		{BACFB2C9-6E48-4B0F-A4CA-3B5E6F8D286C}.Debug|x64.Build.0 = Debug|Any CPU
		{BACFB2C9-6E48-4B0F-A4CA-3B5E6F8D286C}.Debug|x86.ActiveCfg = Debug|Any CPU
		{BACFB2C9-6E48-4B0F-A4CA-3B5E6F8D286C}.Debug|x86.Build.0 = Debug|Any CPU
		{BACFB2C9-6E48-4B0F-A4CA-3B5E6F8D286C}.Release|Any CPU.ActiveCfg = Release|Any CPU
		{BACFB2C9-6E48-4B0F-A4CA-3B5E6F8D286C}.Release|Any CPU.Build.0 = Release|Any CPU
		{BACFB2C9-6E48-4B0F-A4CA-3B5E6F8D286C}.Release|x64.ActiveCfg = Release|Any CPU
		{BACFB2C9-6E48-4B0F-A4CA-3B5E6F8D286C}.Release|x64.Build.0 = Release|Any CPU
		{BACFB2C9-6E48-4B0F-A4CA-3B5E6F8D286C}.Release|x86.ActiveCfg = Release|Any CPU
		{BACFB2C9-6E48-4B0F-A4CA-3B5E6F8D286C}.Release|x86.Build.0 = Release|Any CPU
	EndGlobalSection
	GlobalSection(SolutionProperties) = preSolution
		HideSolutionNode = FALSE
	EndGlobalSection
	GlobalSection(ExtensibilityGlobals) = postSolution
		SolutionGuid = {7A2F3197-D218-490B-870D-A5385A392616}
	EndGlobalSection
EndGlobal
