<?xml version="1.0" encoding="utf-8"?>
<Project ToolsVersion="4.0" xmlns="http://schemas.microsoft.com/developer/msbuild/2003">
  <ItemGroup>
    <None Include="Build.cmd" />
    <None Include="packages.config" />
    <None Include="Llvm.NET.targets" />
    <None Include="Llvm.NET.nuspec" />
  </ItemGroup>
</Project>