
Microsoft Visual Studio Solution File, Format Version 12.00
# Visual Studio Version 16
VisualStudioVersion = 16.0.30021.99
MinimumVisualStudioVersion = 10.0.40219.1
Project("{9A19103F-16F7-4668-BE54-9A1E7A4F7556}") = "LlvmBindingsGenerator", "LlvmBindingsGenerator.csproj", "{9A14EF74-BDF8-4D00-803A-A48A14828526}"
EndProject
Global
	GlobalSection(SolutionConfigurationPlatforms) = preSolution
		Debug|Any CPU = Debug|Any CPU
		Release|Any CPU = Release|Any CPU
	EndGlobalSection
	GlobalSection(ProjectConfigurationPlatforms) = postSolution
		{9A14EF74-BDF8-4D00-803A-A48A14828526}.Debug|Any CPU.ActiveCfg = Debug|Any CPU
		{9A14EF74-BDF8-4D00-803A-A48A14828526}.Debug|Any CPU.Build.0 = Debug|Any CPU
		{9A14EF74-BDF8-4D00-803A-A48A14828526}.Release|Any CPU.ActiveCfg = Release|Any CPU
		{9A14EF74-BDF8-4D00-803A-A48A14828526}.Release|Any CPU.Build.0 = Release|Any CPU
	EndGlobalSection
	GlobalSection(SolutionProperties) = preSolution
		HideSolutionNode = FALSE
	EndGlobalSection
	GlobalSection(ExtensibilityGlobals) = postSolution
		SolutionGuid = {3C6B306B-6805-4AAA-A735-D285C826A434}
	EndGlobalSection
EndGlobal
