
Microsoft Visual Studio Solution File, Format Version 12.00
# Visual Studio 15
VisualStudioVersion = 15.0.26730.8
MinimumVisualStudioVersion = 10.0.40219.1
Project("{9A19103F-16F7-4668-BE54-9A1E7A4F7556}") = "Llvm.NET.BuildTasks", "Llvm.NET.BuildTasks\Llvm.NET.BuildTasks.csproj", "{24DF1C65-2726-4E11-8F42-30ED2A1D0C8D}"
EndProject
Global
	GlobalSection(SolutionConfigurationPlatforms) = preSolution
		Debug|Any CPU = Debug|Any CPU
		Release|Any CPU = Release|Any CPU
	EndGlobalSection
	GlobalSection(ProjectConfigurationPlatforms) = postSolution
		{24DF1C65-2726-4E11-8F42-30ED2A1D0C8D}.Debug|Any CPU.ActiveCfg = Debug|Any CPU
		{24DF1C65-2726-4E11-8F42-30ED2A1D0C8D}.Debug|Any CPU.Build.0 = Debug|Any CPU
		{24DF1C65-2726-4E11-8F42-30ED2A1D0C8D}.Release|Any CPU.ActiveCfg = Release|Any CPU
		{24DF1C65-2726-4E11-8F42-30ED2A1D0C8D}.Release|Any CPU.Build.0 = Release|Any CPU
	EndGlobalSection
	GlobalSection(SolutionProperties) = preSolution
		HideSolutionNode = FALSE
	EndGlobalSection
	GlobalSection(ExtensibilityGlobals) = postSolution
		SolutionGuid = {EF28D186-279B-4E91-9BE8-644B6E018432}
	EndGlobalSection
EndGlobal
