
Microsoft Visual Studio Solution File, Format Version 12.00
# Visual Studio Version 16
VisualStudioVersion = 16.0.29102.190
MinimumVisualStudioVersion = 10.0.40219.1
Project("{9A19103F-16F7-4668-BE54-9A1E7A4F7556}") = "Ubiquity.NET.Llvm.Docfx.API", "current\Ubiquity.NET.Llvm.Docfx.API.csproj", "{E0C93719-295E-4A6B-B9FD-63A18FC4E447}"
EndProject
Project("{9A19103F-16F7-4668-BE54-9A1E7A4F7556}") = "Ubiquity.NET.Llvm.Docfx.Index", "index\Ubiquity.NET.Llvm.Docfx.Index.csproj", "{D6505E72-CAEA-476B-B7E2-68DA1CDB9243}"
EndProject
Project("{2150E333-8FDC-42A3-9474-1A3956D46DE8}") = "templates", "templates", "{F1EECBFA-02CE-4B14-A370-FFFA080250C6}"
EndProject
Project("{2150E333-8FDC-42A3-9474-1A3956D46DE8}") = "Ubiquity", "Ubiquity", "{9FAA1D8A-F467-472E-9AF2-6BDB22F5D475}"
	ProjectSection(SolutionItems) = preProject
		templates\Ubiquity\readme.md = templates\Ubiquity\readme.md
	EndProjectSection
EndProject
Project("{2150E333-8FDC-42A3-9474-1A3956D46DE8}") = "partials", "partials", "{353D26CA-B7C2-4037-9070-2CE87DEFD86F}"
	ProjectSection(SolutionItems) = preProject
		templates\Ubiquity\partials\affix.tmpl.partial = templates\Ubiquity\partials\affix.tmpl.partial
		templates\Ubiquity\partials\class.header.tmpl.partial = templates\Ubiquity\partials\class.header.tmpl.partial
		templates\Ubiquity\partials\class.tmpl.partial = templates\Ubiquity\partials\class.tmpl.partial
		templates\Ubiquity\partials\collection.tmpl.partial = templates\Ubiquity\partials\collection.tmpl.partial
		templates\Ubiquity\partials\enum.tmpl.partial = templates\Ubiquity\partials\enum.tmpl.partial
		templates\Ubiquity\partials\footer.tmpl.partial = templates\Ubiquity\partials\footer.tmpl.partial
		templates\Ubiquity\partials\namespace.tmpl.partial = templates\Ubiquity\partials\namespace.tmpl.partial
	EndProjectSection
EndProject
Project("{2150E333-8FDC-42A3-9474-1A3956D46DE8}") = "styles", "styles", "{D3F068B8-4A6C-46C4-8F1D-82AA544CB7E4}"
	ProjectSection(SolutionItems) = preProject
		templates\Ubiquity\styles\main.css = templates\Ubiquity\styles\main.css
		templates\Ubiquity\styles\main.js = templates\Ubiquity\styles\main.js
	EndProjectSection
EndProject
Project("{2150E333-8FDC-42A3-9474-1A3956D46DE8}") = "Resources", "Resources", "{80950FE7-B0E4-419E-87CC-1EE58C76421B}"
	ProjectSection(SolutionItems) = preProject
		DragonSharp.png = DragonSharp.png
		DragonSharp48x48.png = DragonSharp48x48.png
		favicon.ico = favicon.ico
	EndProjectSection
EndProject
Global
	GlobalSection(SolutionConfigurationPlatforms) = preSolution
		Debug|Any CPU = Debug|Any CPU
		Release|Any CPU = Release|Any CPU
	EndGlobalSection
	GlobalSection(ProjectConfigurationPlatforms) = postSolution
		{E0C93719-295E-4A6B-B9FD-63A18FC4E447}.Debug|Any CPU.ActiveCfg = Debug|Any CPU
		{E0C93719-295E-4A6B-B9FD-63A18FC4E447}.Debug|Any CPU.Build.0 = Debug|Any CPU
		{E0C93719-295E-4A6B-B9FD-63A18FC4E447}.Release|Any CPU.ActiveCfg = Release|Any CPU
		{E0C93719-295E-4A6B-B9FD-63A18FC4E447}.Release|Any CPU.Build.0 = Release|Any CPU
		{D6505E72-CAEA-476B-B7E2-68DA1CDB9243}.Debug|Any CPU.ActiveCfg = Debug|Any CPU
		{D6505E72-CAEA-476B-B7E2-68DA1CDB9243}.Debug|Any CPU.Build.0 = Debug|Any CPU
		{D6505E72-CAEA-476B-B7E2-68DA1CDB9243}.Release|Any CPU.ActiveCfg = Release|Any CPU
		{D6505E72-CAEA-476B-B7E2-68DA1CDB9243}.Release|Any CPU.Build.0 = Release|Any CPU
	EndGlobalSection
	GlobalSection(SolutionProperties) = preSolution
		HideSolutionNode = FALSE
	EndGlobalSection
	GlobalSection(NestedProjects) = preSolution
		{9FAA1D8A-F467-472E-9AF2-6BDB22F5D475} = {F1EECBFA-02CE-4B14-A370-FFFA080250C6}
		{353D26CA-B7C2-4037-9070-2CE87DEFD86F} = {9FAA1D8A-F467-472E-9AF2-6BDB22F5D475}
		{D3F068B8-4A6C-46C4-8F1D-82AA544CB7E4} = {9FAA1D8A-F467-472E-9AF2-6BDB22F5D475}
	EndGlobalSection
	GlobalSection(ExtensibilityGlobals) = postSolution
		SolutionGuid = {4E9321AC-4ABF-4522-89CE-CD9A98005C92}
	EndGlobalSection
EndGlobal
