
Microsoft Visual Studio Solution File, Format Version 12.00
# Visual Studio 15
VisualStudioVersion = 15.0.27004.2006
MinimumVisualStudioVersion = 10.0.40219.1
Project("{9A19103F-16F7-4668-BE54-9A1E7A4F7556}") = "Kaleidoscope.Grammar", "Kaleidoscope.Parser\Kaleidoscope.Grammar.csproj", "{A2B3C194-DABA-4D70-9534-969F8C4D7E9E}"
EndProject
Project("{9A19103F-16F7-4668-BE54-9A1E7A4F7556}") = "Chapter2", "Chapter2\Chapter2.csproj", "{0C36AB49-C518-4A55-A2A5-9D757078D85F}"
EndProject
Project("{9A19103F-16F7-4668-BE54-9A1E7A4F7556}") = "Chapter3", "Chapter3\Chapter3.csproj", "{9F526A7B-45C2-4E4B-A5E5-2D01B1BC27DF}"
EndProject
Project("{9A19103F-16F7-4668-BE54-9A1E7A4F7556}") = "Chapter4", "Chapter4\Chapter4.csproj", "{0E8F8A43-DF07-4454-BA15-43F45929CD20}"
EndProject
Project("{9A19103F-16F7-4668-BE54-9A1E7A4F7556}") = "Chapter5", "Chapter5\Chapter5.csproj", "{AC1C4802-4C4F-4243-9616-52FD90756BBA}"
EndProject
Project("{9A19103F-16F7-4668-BE54-9A1E7A4F7556}") = "Chapter7", "Chapter7\Chapter7.csproj", "{D39FA41C-1246-4FEA-9EA8-BE2DED46CF63}"
EndProject
Global
	GlobalSection(SolutionConfigurationPlatforms) = preSolution
		Debug|Any CPU = Debug|Any CPU
		Release|Any CPU = Release|Any CPU
	EndGlobalSection
	GlobalSection(ProjectConfigurationPlatforms) = postSolution
		{A2B3C194-DABA-4D70-9534-969F8C4D7E9E}.Debug|Any CPU.ActiveCfg = Debug|Any CPU
		{A2B3C194-DABA-4D70-9534-969F8C4D7E9E}.Debug|Any CPU.Build.0 = Debug|Any CPU
		{A2B3C194-DABA-4D70-9534-969F8C4D7E9E}.Release|Any CPU.ActiveCfg = Release|Any CPU
		{A2B3C194-DABA-4D70-9534-969F8C4D7E9E}.Release|Any CPU.Build.0 = Release|Any CPU
		{0C36AB49-C518-4A55-A2A5-9D757078D85F}.Debug|Any CPU.ActiveCfg = Debug|Any CPU
		{0C36AB49-C518-4A55-A2A5-9D757078D85F}.Debug|Any CPU.Build.0 = Debug|Any CPU
		{0C36AB49-C518-4A55-A2A5-9D757078D85F}.Release|Any CPU.ActiveCfg = Release|Any CPU
		{0C36AB49-C518-4A55-A2A5-9D757078D85F}.Release|Any CPU.Build.0 = Release|Any CPU
		{9F526A7B-45C2-4E4B-A5E5-2D01B1BC27DF}.Debug|Any CPU.ActiveCfg = Debug|Any CPU
		{9F526A7B-45C2-4E4B-A5E5-2D01B1BC27DF}.Debug|Any CPU.Build.0 = Debug|Any CPU
		{9F526A7B-45C2-4E4B-A5E5-2D01B1BC27DF}.Release|Any CPU.ActiveCfg = Release|Any CPU
		{9F526A7B-45C2-4E4B-A5E5-2D01B1BC27DF}.Release|Any CPU.Build.0 = Release|Any CPU
		{0E8F8A43-DF07-4454-BA15-43F45929CD20}.Debug|Any CPU.ActiveCfg = Debug|Any CPU
		{0E8F8A43-DF07-4454-BA15-43F45929CD20}.Debug|Any CPU.Build.0 = Debug|Any CPU
		{0E8F8A43-DF07-4454-BA15-43F45929CD20}.Release|Any CPU.ActiveCfg = Release|Any CPU
		{0E8F8A43-DF07-4454-BA15-43F45929CD20}.Release|Any CPU.Build.0 = Release|Any CPU
		{AC1C4802-4C4F-4243-9616-52FD90756BBA}.Debug|Any CPU.ActiveCfg = Debug|Any CPU
		{AC1C4802-4C4F-4243-9616-52FD90756BBA}.Debug|Any CPU.Build.0 = Debug|Any CPU
		{AC1C4802-4C4F-4243-9616-52FD90756BBA}.Release|Any CPU.ActiveCfg = Release|Any CPU
		{AC1C4802-4C4F-4243-9616-52FD90756BBA}.Release|Any CPU.Build.0 = Release|Any CPU
		{D39FA41C-1246-4FEA-9EA8-BE2DED46CF63}.Debug|Any CPU.ActiveCfg = Debug|Any CPU
		{D39FA41C-1246-4FEA-9EA8-BE2DED46CF63}.Debug|Any CPU.Build.0 = Debug|Any CPU
		{D39FA41C-1246-4FEA-9EA8-BE2DED46CF63}.Release|Any CPU.ActiveCfg = Release|Any CPU
		{D39FA41C-1246-4FEA-9EA8-BE2DED46CF63}.Release|Any CPU.Build.0 = Release|Any CPU
	EndGlobalSection
	GlobalSection(SolutionProperties) = preSolution
		HideSolutionNode = FALSE
	EndGlobalSection
	GlobalSection(ExtensibilityGlobals) = postSolution
		SolutionGuid = {DC04842D-E7E4-4993-9FAC-AD1D65EB331B}
	EndGlobalSection
EndGlobal
