
Microsoft Visual Studio Solution File, Format Version 12.00
# Visual Studio 15
VisualStudioVersion = 15.0.26730.3
MinimumVisualStudioVersion = 10.0.40219.1
Project("{9A19103F-16F7-4668-BE54-9A1E7A4F7556}") = "Llvm.NET", "Llvm.NET\Llvm.NET.csproj", "{0162C8CE-6641-4922-8664-F8A44356FBF7}"
EndProject
Project("{FAE04EC0-301F-11D3-BF4B-00C04F79EFBC}") = "Llvm.NETTests", "Llvm.NETTests\Llvm.NETTests.csproj", "{826ADB1C-4BDC-4A89-836B-87088E511D6A}"
EndProject
Global
	GlobalSection(SolutionConfigurationPlatforms) = preSolution
		Debug|Any CPU = Debug|Any CPU
		Release|Any CPU = Release|Any CPU
	EndGlobalSection
	GlobalSection(ProjectConfigurationPlatforms) = postSolution
		{0162C8CE-6641-4922-8664-F8A44356FBF7}.Debug|Any CPU.ActiveCfg = Debug|Any CPU
		{0162C8CE-6641-4922-8664-F8A44356FBF7}.Debug|Any CPU.Build.0 = Debug|Any CPU
		{0162C8CE-6641-4922-8664-F8A44356FBF7}.Release|Any CPU.ActiveCfg = Release|Any CPU
		{0162C8CE-6641-4922-8664-F8A44356FBF7}.Release|Any CPU.Build.0 = Release|Any CPU
		{826ADB1C-4BDC-4A89-836B-87088E511D6A}.Debug|Any CPU.ActiveCfg = Debug|Any CPU
		{826ADB1C-4BDC-4A89-836B-87088E511D6A}.Debug|Any CPU.Build.0 = Debug|Any CPU
		{826ADB1C-4BDC-4A89-836B-87088E511D6A}.Release|Any CPU.ActiveCfg = Release|Any CPU
		{826ADB1C-4BDC-4A89-836B-87088E511D6A}.Release|Any CPU.Build.0 = Release|Any CPU
	EndGlobalSection
	GlobalSection(SolutionProperties) = preSolution
		HideSolutionNode = FALSE
	EndGlobalSection
	GlobalSection(ExtensibilityGlobals) = postSolution
		SolutionGuid = {EF28D186-279B-4E91-9BE8-644B6E018432}
	EndGlobalSection
EndGlobal
