
Microsoft Visual Studio Solution File, Format Version 12.00
# Visual Studio 14
VisualStudioVersion = 14.0.23107.0
MinimumVisualStudioVersion = 10.0.40219.1
Project("{8BC9CEB8-8B4A-11D0-8D11-00A0C91BC942}") = "LibLLVM", "LibLLVM\LibLLVM.vcxproj", "{6C77A7DE-D464-430F-96A9-A64768763B5F}"
EndProject
Project("{FAE04EC0-301F-11D3-BF4B-00C04F79EFBC}") = "Llvm.NET", "Llvm.NET\Llvm.NET.csproj", "{0162C8CE-6641-4922-8664-F8A44356FBF7}"
EndProject
Project("{FAE04EC0-301F-11D3-BF4B-00C04F79EFBC}") = "Llvm.NETTests", "Llvm.NETTests\LLVM.NETTests\Llvm.NETTests.csproj", "{826ADB1C-4BDC-4A89-836B-87088E511D6A}"
EndProject
Project("{FAE04EC0-301F-11D3-BF4B-00C04F79EFBC}") = "TestDebugInfo", "Llvm.NETTests\TestDebugInfo\TestDebugInfo.csproj", "{F9914A60-2E4B-472F-B1F3-BD08FD23CA92}"
EndProject
Project("{FAE04EC0-301F-11D3-BF4B-00C04F79EFBC}") = "ReloadModule", "ReloadModule\ReloadModule.csproj", "{04D05E7F-CA04-4E9A-84CD-D7D609B2CE45}"
EndProject
Global
	GlobalSection(SolutionConfigurationPlatforms) = preSolution
		Debug|Any CPU = Debug|Any CPU
		Debug|Win32 = Debug|Win32
		Debug|x64 = Debug|x64
		Release|Any CPU = Release|Any CPU
		Release|Win32 = Release|Win32
		Release|x64 = Release|x64
		RelWithDebInfo|Any CPU = RelWithDebInfo|Any CPU
		RelWithDebInfo|Win32 = RelWithDebInfo|Win32
		RelWithDebInfo|x64 = RelWithDebInfo|x64
	EndGlobalSection
	GlobalSection(ProjectConfigurationPlatforms) = postSolution
		{6C77A7DE-D464-430F-96A9-A64768763B5F}.Debug|Any CPU.ActiveCfg = Debug|x64
		{6C77A7DE-D464-430F-96A9-A64768763B5F}.Debug|Win32.ActiveCfg = Debug|Win32
		{6C77A7DE-D464-430F-96A9-A64768763B5F}.Debug|Win32.Build.0 = Debug|Win32
		{6C77A7DE-D464-430F-96A9-A64768763B5F}.Debug|x64.ActiveCfg = Debug|x64
		{6C77A7DE-D464-430F-96A9-A64768763B5F}.Debug|x64.Build.0 = Debug|x64
		{6C77A7DE-D464-430F-96A9-A64768763B5F}.Release|Any CPU.ActiveCfg = Debug|x64
		{6C77A7DE-D464-430F-96A9-A64768763B5F}.Release|Win32.ActiveCfg = Release|Win32
		{6C77A7DE-D464-430F-96A9-A64768763B5F}.Release|Win32.Build.0 = Release|Win32
		{6C77A7DE-D464-430F-96A9-A64768763B5F}.Release|x64.ActiveCfg = Release|x64
		{6C77A7DE-D464-430F-96A9-A64768763B5F}.Release|x64.Build.0 = Release|x64
		{6C77A7DE-D464-430F-96A9-A64768763B5F}.RelWithDebInfo|Any CPU.ActiveCfg = RelWithDebInfo|Win32
		{6C77A7DE-D464-430F-96A9-A64768763B5F}.RelWithDebInfo|Win32.ActiveCfg = RelWithDebInfo|Win32
		{6C77A7DE-D464-430F-96A9-A64768763B5F}.RelWithDebInfo|Win32.Build.0 = RelWithDebInfo|Win32
		{6C77A7DE-D464-430F-96A9-A64768763B5F}.RelWithDebInfo|x64.ActiveCfg = RelWithDebInfo|x64
		{6C77A7DE-D464-430F-96A9-A64768763B5F}.RelWithDebInfo|x64.Build.0 = RelWithDebInfo|x64
		{0162C8CE-6641-4922-8664-F8A44356FBF7}.Debug|Any CPU.ActiveCfg = Debug|Any CPU
		{0162C8CE-6641-4922-8664-F8A44356FBF7}.Debug|Any CPU.Build.0 = Debug|Any CPU
		{0162C8CE-6641-4922-8664-F8A44356FBF7}.Debug|Win32.ActiveCfg = Debug|Any CPU
		{0162C8CE-6641-4922-8664-F8A44356FBF7}.Debug|Win32.Build.0 = Debug|Any CPU
		{0162C8CE-6641-4922-8664-F8A44356FBF7}.Debug|x64.ActiveCfg = Debug|x64
		{0162C8CE-6641-4922-8664-F8A44356FBF7}.Debug|x64.Build.0 = Debug|x64
		{0162C8CE-6641-4922-8664-F8A44356FBF7}.Release|Any CPU.ActiveCfg = Release|Any CPU
		{0162C8CE-6641-4922-8664-F8A44356FBF7}.Release|Any CPU.Build.0 = Release|Any CPU
		{0162C8CE-6641-4922-8664-F8A44356FBF7}.Release|Win32.ActiveCfg = Release|Any CPU
		{0162C8CE-6641-4922-8664-F8A44356FBF7}.Release|Win32.Build.0 = Release|Any CPU
		{0162C8CE-6641-4922-8664-F8A44356FBF7}.Release|x64.ActiveCfg = Release|Any CPU
		{0162C8CE-6641-4922-8664-F8A44356FBF7}.Release|x64.Build.0 = Release|Any CPU
		{0162C8CE-6641-4922-8664-F8A44356FBF7}.RelWithDebInfo|Any CPU.ActiveCfg = RelWithDebInfo|Any CPU
		{0162C8CE-6641-4922-8664-F8A44356FBF7}.RelWithDebInfo|Any CPU.Build.0 = RelWithDebInfo|Any CPU
		{0162C8CE-6641-4922-8664-F8A44356FBF7}.RelWithDebInfo|Win32.ActiveCfg = RelWithDebInfo|Any CPU
		{0162C8CE-6641-4922-8664-F8A44356FBF7}.RelWithDebInfo|Win32.Build.0 = RelWithDebInfo|Any CPU
		{0162C8CE-6641-4922-8664-F8A44356FBF7}.RelWithDebInfo|x64.ActiveCfg = RelWithDebInfo|Any CPU
		{0162C8CE-6641-4922-8664-F8A44356FBF7}.RelWithDebInfo|x64.Build.0 = RelWithDebInfo|Any CPU
		{826ADB1C-4BDC-4A89-836B-87088E511D6A}.Debug|Any CPU.ActiveCfg = Debug|Any CPU
		{826ADB1C-4BDC-4A89-836B-87088E511D6A}.Debug|Any CPU.Build.0 = Debug|Any CPU
		{826ADB1C-4BDC-4A89-836B-87088E511D6A}.Debug|Win32.ActiveCfg = Debug|Any CPU
		{826ADB1C-4BDC-4A89-836B-87088E511D6A}.Debug|Win32.Build.0 = Debug|Any CPU
		{826ADB1C-4BDC-4A89-836B-87088E511D6A}.Debug|x64.ActiveCfg = Debug|x64
		{826ADB1C-4BDC-4A89-836B-87088E511D6A}.Debug|x64.Build.0 = Debug|x64
		{826ADB1C-4BDC-4A89-836B-87088E511D6A}.Release|Any CPU.ActiveCfg = Release|Any CPU
		{826ADB1C-4BDC-4A89-836B-87088E511D6A}.Release|Any CPU.Build.0 = Release|Any CPU
		{826ADB1C-4BDC-4A89-836B-87088E511D6A}.Release|Win32.ActiveCfg = Release|Any CPU
		{826ADB1C-4BDC-4A89-836B-87088E511D6A}.Release|Win32.Build.0 = Release|Any CPU
		{826ADB1C-4BDC-4A89-836B-87088E511D6A}.Release|x64.ActiveCfg = Release|Any CPU
		{826ADB1C-4BDC-4A89-836B-87088E511D6A}.Release|x64.Build.0 = Release|Any CPU
		{826ADB1C-4BDC-4A89-836B-87088E511D6A}.RelWithDebInfo|Any CPU.ActiveCfg = Release|Any CPU
		{826ADB1C-4BDC-4A89-836B-87088E511D6A}.RelWithDebInfo|Any CPU.Build.0 = Release|Any CPU
		{826ADB1C-4BDC-4A89-836B-87088E511D6A}.RelWithDebInfo|Win32.ActiveCfg = Release|Any CPU
		{826ADB1C-4BDC-4A89-836B-87088E511D6A}.RelWithDebInfo|Win32.Build.0 = Release|Any CPU
		{826ADB1C-4BDC-4A89-836B-87088E511D6A}.RelWithDebInfo|x64.ActiveCfg = Release|Any CPU
		{826ADB1C-4BDC-4A89-836B-87088E511D6A}.RelWithDebInfo|x64.Build.0 = Release|Any CPU
		{F9914A60-2E4B-472F-B1F3-BD08FD23CA92}.Debug|Any CPU.ActiveCfg = Debug|Any CPU
		{F9914A60-2E4B-472F-B1F3-BD08FD23CA92}.Debug|Any CPU.Build.0 = Debug|Any CPU
		{F9914A60-2E4B-472F-B1F3-BD08FD23CA92}.Debug|Win32.ActiveCfg = Debug|Any CPU
		{F9914A60-2E4B-472F-B1F3-BD08FD23CA92}.Debug|Win32.Build.0 = Debug|Any CPU
		{F9914A60-2E4B-472F-B1F3-BD08FD23CA92}.Debug|x64.ActiveCfg = Debug|x64
		{F9914A60-2E4B-472F-B1F3-BD08FD23CA92}.Debug|x64.Build.0 = Debug|x64
		{F9914A60-2E4B-472F-B1F3-BD08FD23CA92}.Release|Any CPU.ActiveCfg = Release|Any CPU
		{F9914A60-2E4B-472F-B1F3-BD08FD23CA92}.Release|Any CPU.Build.0 = Release|Any CPU
		{F9914A60-2E4B-472F-B1F3-BD08FD23CA92}.Release|Win32.ActiveCfg = Release|Any CPU
		{F9914A60-2E4B-472F-B1F3-BD08FD23CA92}.Release|Win32.Build.0 = Release|Any CPU
		{F9914A60-2E4B-472F-B1F3-BD08FD23CA92}.Release|x64.ActiveCfg = Release|Any CPU
		{F9914A60-2E4B-472F-B1F3-BD08FD23CA92}.Release|x64.Build.0 = Release|Any CPU
		{F9914A60-2E4B-472F-B1F3-BD08FD23CA92}.RelWithDebInfo|Any CPU.ActiveCfg = Release|Any CPU
		{F9914A60-2E4B-472F-B1F3-BD08FD23CA92}.RelWithDebInfo|Any CPU.Build.0 = Release|Any CPU
		{F9914A60-2E4B-472F-B1F3-BD08FD23CA92}.RelWithDebInfo|Win32.ActiveCfg = Release|Any CPU
		{F9914A60-2E4B-472F-B1F3-BD08FD23CA92}.RelWithDebInfo|Win32.Build.0 = Release|Any CPU
		{F9914A60-2E4B-472F-B1F3-BD08FD23CA92}.RelWithDebInfo|x64.ActiveCfg = Release|Any CPU
		{F9914A60-2E4B-472F-B1F3-BD08FD23CA92}.RelWithDebInfo|x64.Build.0 = Release|Any CPU
		{04D05E7F-CA04-4E9A-84CD-D7D609B2CE45}.Debug|Any CPU.ActiveCfg = Debug|Any CPU
		{04D05E7F-CA04-4E9A-84CD-D7D609B2CE45}.Debug|Any CPU.Build.0 = Debug|Any CPU
		{04D05E7F-CA04-4E9A-84CD-D7D609B2CE45}.Debug|Win32.ActiveCfg = Debug|Any CPU
		{04D05E7F-CA04-4E9A-84CD-D7D609B2CE45}.Debug|Win32.Build.0 = Debug|Any CPU
		{04D05E7F-CA04-4E9A-84CD-D7D609B2CE45}.Debug|x64.ActiveCfg = Debug|Any CPU
		{04D05E7F-CA04-4E9A-84CD-D7D609B2CE45}.Debug|x64.Build.0 = Debug|Any CPU
		{04D05E7F-CA04-4E9A-84CD-D7D609B2CE45}.Release|Any CPU.ActiveCfg = Release|Any CPU
		{04D05E7F-CA04-4E9A-84CD-D7D609B2CE45}.Release|Any CPU.Build.0 = Release|Any CPU
		{04D05E7F-CA04-4E9A-84CD-D7D609B2CE45}.Release|Win32.ActiveCfg = Release|Any CPU
		{04D05E7F-CA04-4E9A-84CD-D7D609B2CE45}.Release|Win32.Build.0 = Release|Any CPU
		{04D05E7F-CA04-4E9A-84CD-D7D609B2CE45}.Release|x64.ActiveCfg = Release|Any CPU
		{04D05E7F-CA04-4E9A-84CD-D7D609B2CE45}.Release|x64.Build.0 = Release|Any CPU
		{04D05E7F-CA04-4E9A-84CD-D7D609B2CE45}.RelWithDebInfo|Any CPU.ActiveCfg = Release|Any CPU
		{04D05E7F-CA04-4E9A-84CD-D7D609B2CE45}.RelWithDebInfo|Any CPU.Build.0 = Release|Any CPU
		{04D05E7F-CA04-4E9A-84CD-D7D609B2CE45}.RelWithDebInfo|Win32.ActiveCfg = Release|Any CPU
		{04D05E7F-CA04-4E9A-84CD-D7D609B2CE45}.RelWithDebInfo|Win32.Build.0 = Release|Any CPU
		{04D05E7F-CA04-4E9A-84CD-D7D609B2CE45}.RelWithDebInfo|x64.ActiveCfg = Release|Any CPU
		{04D05E7F-CA04-4E9A-84CD-D7D609B2CE45}.RelWithDebInfo|x64.Build.0 = Release|Any CPU
	EndGlobalSection
	GlobalSection(SolutionProperties) = preSolution
		HideSolutionNode = FALSE
	EndGlobalSection
EndGlobal
