
Microsoft Visual Studio Solution File, Format Version 12.00
# Visual Studio Version 17
VisualStudioVersion = 17.0.31912.275
MinimumVisualStudioVersion = 10.0.40219.1
Project("{9A19103F-16F7-4668-BE54-9A1E7A4F7556}") = "Ubiquity.NET.Llvm", "Ubiquity.NET.Llvm\Ubiquity.NET.Llvm.csproj", "{0162C8CE-6641-4922-8664-F8A44356FBF7}"
EndProject
Project("{2150E333-8FDC-42A3-9474-1A3956D46DE8}") = "Samples", "Samples", "{2204ABFA-65AA-4506-8FB0-D742B583246A}"
EndProject
Project("{9A19103F-16F7-4668-BE54-9A1E7A4F7556}") = "CodeGenWithDebugInfo", "..\Samples\CodeGenWithDebugInfo\CodeGenWithDebugInfo.csproj", "{CEB67C1D-E224-4942-AA65-3F6C12F49076}"
EndProject
Project("{2150E333-8FDC-42A3-9474-1A3956D46DE8}") = "Kaleidoscope", "Kaleidoscope", "{62418FA2-81F2-475F-B735-7B108EBE960D}"
	ProjectSection(SolutionItems) = preProject
		..\Samples\Kaleidoscope\mandel.kls = ..\Samples\Kaleidoscope\mandel.kls
	EndProjectSection
EndProject
Project("{9A19103F-16F7-4668-BE54-9A1E7A4F7556}") = "Kaleidoscope.Grammar", "..\Samples\Kaleidoscope\Kaleidoscope.Parser\Kaleidoscope.Grammar.csproj", "{3EA63BAA-8877-4682-B0BA-AB896A502FFF}"
EndProject
Project("{9A19103F-16F7-4668-BE54-9A1E7A4F7556}") = "Chapter2", "..\Samples\Kaleidoscope\Chapter2\Chapter2.csproj", "{802FFA0F-B1CE-415B-97CC-49AC6AC4C2DA}"
EndProject
Project("{9A19103F-16F7-4668-BE54-9A1E7A4F7556}") = "Chapter3", "..\Samples\Kaleidoscope\Chapter3\Chapter3.csproj", "{C2116838-8EE7-456B-A628-712F99C8A1C5}"
EndProject
Project("{9A19103F-16F7-4668-BE54-9A1E7A4F7556}") = "Chapter4", "..\Samples\Kaleidoscope\Chapter4\Chapter4.csproj", "{07F414FF-D463-40DE-BBA6-AD352F7F1918}"
EndProject
Project("{9A19103F-16F7-4668-BE54-9A1E7A4F7556}") = "Chapter5", "..\Samples\Kaleidoscope\Chapter5\Chapter5.csproj", "{F9630318-02EE-4BF2-8E6F-CB1025487052}"
EndProject
Project("{9A19103F-16F7-4668-BE54-9A1E7A4F7556}") = "Chapter7", "..\Samples\Kaleidoscope\Chapter7\Chapter7.csproj", "{DFDCA901-041C-4B78-9F66-4B6F6E98E29D}"
EndProject
Project("{9A19103F-16F7-4668-BE54-9A1E7A4F7556}") = "Chapter6", "..\Samples\Kaleidoscope\Chapter6\Chapter6.csproj", "{385172C5-40FB-411D-9483-7D31E9AE3CA2}"
EndProject
Project("{9A19103F-16F7-4668-BE54-9A1E7A4F7556}") = "Chapter8", "..\Samples\Kaleidoscope\Chapter8\Chapter8.csproj", "{091C3D70-3D54-4673-B34C-7F936B652D21}"
EndProject
Project("{9A19103F-16F7-4668-BE54-9A1E7A4F7556}") = "Chapter9", "..\Samples\Kaleidoscope\Chapter9\Chapter9.csproj", "{88463779-D746-427C-B951-4E4FF25BC532}"
EndProject
Project("{2150E333-8FDC-42A3-9474-1A3956D46DE8}") = "Repo Items", "Repo Items", "{BA4F7BCF-67BC-49E4-B2F9-DCED3D57619D}"
	ProjectSection(SolutionItems) = preProject
		..\.editorconfig = ..\.editorconfig
		..\.gitignore = ..\.gitignore
		..\Build-All.ps1 = ..\Build-All.ps1
		..\Build-Docs.ps1 = ..\Build-Docs.ps1
		..\Build-Native.ps1 = ..\Build-Native.ps1
		..\Build-Source.ps1 = ..\Build-Source.ps1
		..\BuildVersion.xml = ..\BuildVersion.xml
		..\CODE_OF_CONDUCT.md = ..\CODE_OF_CONDUCT.md
		..\Directory.Build.props = ..\Directory.Build.props
		..\Directory.Build.targets = ..\Directory.Build.targets
		..\global.json = ..\global.json
		..\GOVERNANCE.md = ..\GOVERNANCE.md
		..\Invoke-UnitTests.ps1 = ..\Invoke-UnitTests.ps1
		..\LICENSE.md = ..\LICENSE.md
		..\NuGet.Config = ..\NuGet.Config
		..\Packages.props = ..\Packages.props
		..\.github\workflows\pr-build.yml = ..\.github\workflows\pr-build.yml
		..\Push-Docs.ps1 = ..\Push-Docs.ps1
		..\README.md = ..\README.md
		..\.github\workflows\release-build.yml = ..\.github\workflows\release-build.yml
		..\docfx\current\ReleaseNotes.md = ..\docfx\current\ReleaseNotes.md
		..\repo-buildutils.ps1 = ..\repo-buildutils.ps1
		..\stylecop.json = ..\stylecop.json
		..\Ubiquity.NET.ruleset = ..\Ubiquity.NET.ruleset
		x64.runsettings = x64.runsettings
	EndProjectSection
EndProject
Project("{9A19103F-16F7-4668-BE54-9A1E7A4F7556}") = "Kaleidoscope.Runtime", "..\Samples\Kaleidoscope\Kaleidoscope.Runtime\Kaleidoscope.Runtime.csproj", "{DF586B9E-C590-459F-AD5A-F2E023E3CB45}"
EndProject
Project("{9A19103F-16F7-4668-BE54-9A1E7A4F7556}") = "Chapter7.1", "..\Samples\Kaleidoscope\Chapter7.1\Chapter7.1.csproj", "{0A43B467-DAC7-4831-BB0E-0FE496213E51}"
EndProject
Project("{9A19103F-16F7-4668-BE54-9A1E7A4F7556}") = "Ubiquity.NET.Llvm.UT", "Ubiquity.NET.Llvm.Tests\Ubiquity.NET.Llvm.UT.csproj", "{50AB0DAA-77B1-4C02-9A1F-2C8E7E7D9A88}"
EndProject
Project("{9A19103F-16F7-4668-BE54-9A1E7A4F7556}") = "Kaleidoscope.Tests", "..\Samples\Kaleidoscope\Kaleidoscope.Tests\Kaleidoscope.Tests.csproj", "{752FFF38-2B50-4341-ABF5-CCAE013388AE}"
EndProject
Project("{9A19103F-16F7-4668-BE54-9A1E7A4F7556}") = "Ubiquity.NET.Llvm.JIT.Tests", "Ubiquity.NET.Llvm.JIT.Tests\Ubiquity.NET.Llvm.JIT.Tests.csproj", "{05999102-248A-4682-88E2-CB62FAB29F9B}"
EndProject
Project("{FAE04EC0-301F-11D3-BF4B-00C04F79EFBC}") = "Ubiquity.NET.Llvm.Interop", "Interop\Ubiquity.NET.Llvm.Interop\Ubiquity.NET.Llvm.Interop.csproj", "{E3F83E17-02C9-4CFF-802D-80AAD9900D9B}"
EndProject
Project("{FAE04EC0-301F-11D3-BF4B-00C04F79EFBC}") = "Ubiquity.NET.Llvm.Interop.UT", "Interop\InteropTests\Ubiquity.NET.Llvm.Interop.UT.csproj", "{3F2B911D-D437-4F15-ADC4-4C7A4ABB5389}"
EndProject
Project("{FAE04EC0-301F-11D3-BF4B-00C04F79EFBC}") = "Chapter3.5", "..\Samples\Kaleidoscope\Chapter3.5\Chapter3.5.csproj", "{16142073-B70D-48B3-B63B-23211F2C7CFE}"
EndProject
Project("{FAE04EC0-301F-11D3-BF4B-00C04F79EFBC}") = "Ubiquity.NET.InteropHelpers", "Ubiquity.NET.InteropHelpers\Ubiquity.NET.InteropHelpers.csproj", "{E889787A-8DC4-4CA9-ABD0-FF6646B37BA9}"
EndProject
Project("{2150E333-8FDC-42A3-9474-1A3956D46DE8}") = "Interop", "Interop", "{5348150E-6276-4A5F-99FD-A7936E75D206}"
EndProject
Project("{FAE04EC0-301F-11D3-BF4B-00C04F79EFBC}") = "OrcV2VeryLazy", "..\Samples\OrcV2VeryLazy\OrcV2VeryLazy.csproj", "{3D534AD9-820D-4ABC-95BD-DCA0DF6C05E1}"
EndProject
Project("{2150E333-8FDC-42A3-9474-1A3956D46DE8}") = "docfx", "docfx", "{02EA681E-C7D8-13C7-8484-4AC65E1B71E8}"
	ProjectSection(SolutionItems) = preProject
		..\docfx\docfx.json = ..\docfx\docfx.json
		..\docfx\DragonSharp.png = ..\docfx\DragonSharp.png
		..\docfx\DragonSharp48x48.png = ..\docfx\DragonSharp48x48.png
		..\docfx\favicon.ico = ..\docfx\favicon.ico
		..\docfx\index.md = ..\docfx\index.md
		..\docfx\ReadMe.md = ..\docfx\ReadMe.md
		..\docfx\toc.yml = ..\docfx\toc.yml
		..\docfx\versions-xref.yml = ..\docfx\versions-xref.yml
	EndProjectSection
EndProject
Project("{2150E333-8FDC-42A3-9474-1A3956D46DE8}") = "current", "current", "{C2FA0515-206D-4A3C-B8CD-8DC89C0186FE}"
	ProjectSection(SolutionItems) = preProject
		..\docfx\current\index.md = ..\docfx\current\index.md
		..\docfx\current\llvm-xref.yml = ..\docfx\current\llvm-xref.yml
		..\docfx\current\ReleaseNotes.md = ..\docfx\current\ReleaseNotes.md
		..\docfx\current\toc.yml = ..\docfx\current\toc.yml
	EndProjectSection
EndProject
Project("{2150E333-8FDC-42A3-9474-1A3956D46DE8}") = "articles", "articles", "{93AFFAD1-2564-4A81-816B-E59AEC90174C}"
EndProject
Project("{2150E333-8FDC-42A3-9474-1A3956D46DE8}") = "samples", "samples", "{985A8790-EACA-4CB4-BC2E-A6282A29974D}"
	ProjectSection(SolutionItems) = preProject
		..\docfx\current\articles\Samples\index.md = ..\docfx\current\articles\Samples\index.md
		ReadMe.md = ReadMe.md
		..\docfx\current\articles\Samples\toc.md = ..\docfx\current\articles\Samples\toc.md
	EndProjectSection
EndProject
Project("{2150E333-8FDC-42A3-9474-1A3956D46DE8}") = "InternalDetails", "InternalDetails", "{9AD040CF-D795-411C-91F4-A76E8E502EBD}"
	ProjectSection(SolutionItems) = preProject
		..\docfx\current\articles\InternalDetails\handleref-interning.md = ..\docfx\current\articles\InternalDetails\handleref-interning.md
		..\docfx\current\articles\InternalDetails\index.md = ..\docfx\current\articles\InternalDetails\index.md
		..\docfx\current\articles\InternalDetails\llvm-handles.md = ..\docfx\current\articles\InternalDetails\llvm-handles.md
		..\docfx\current\articles\InternalDetails\LlvmBindingsGenerator-Configuration.md = ..\docfx\current\articles\InternalDetails\LlvmBindingsGenerator-Configuration.md
		..\docfx\current\articles\InternalDetails\LlvmBindingsGenerator-Overview.md = ..\docfx\current\articles\InternalDetails\LlvmBindingsGenerator-Overview.md
		..\docfx\current\articles\InternalDetails\LlvmBindingsGenerator-YAML-Config-format.md = ..\docfx\current\articles\InternalDetails\LlvmBindingsGenerator-YAML-Config-format.md
		..\docfx\current\articles\InternalDetails\marshal-LLVMBool.md = ..\docfx\current\articles\InternalDetails\marshal-LLVMBool.md
		..\docfx\current\articles\InternalDetails\marshal-string.md = ..\docfx\current\articles\InternalDetails\marshal-string.md
		..\docfx\current\articles\InternalDetails\toc.md = ..\docfx\current\articles\InternalDetails\toc.md
	EndProjectSection
EndProject
Project("{2150E333-8FDC-42A3-9474-1A3956D46DE8}") = "namespaces", "namespaces", "{7E4852CD-E433-41AB-8EAC-08C161E5FE61}"
	ProjectSection(SolutionItems) = preProject
		..\docfx\current\namespaces\Ubiquity.NET.Llvm.DebugInfo.md = ..\docfx\current\namespaces\Ubiquity.NET.Llvm.DebugInfo.md
		..\docfx\current\namespaces\Ubiquity.NET.Llvm.Instructions.md = ..\docfx\current\namespaces\Ubiquity.NET.Llvm.Instructions.md
		..\docfx\current\namespaces\Ubiquity.NET.Llvm.md = ..\docfx\current\namespaces\Ubiquity.NET.Llvm.md
		..\docfx\current\namespaces\Ubiquity.NET.Llvm.Metadata.md = ..\docfx\current\namespaces\Ubiquity.NET.Llvm.Metadata.md
		..\docfx\current\namespaces\Ubiquity.NET.Llvm.ObjectFile.md = ..\docfx\current\namespaces\Ubiquity.NET.Llvm.ObjectFile.md
		..\docfx\current\namespaces\Ubiquity.NET.Llvm.OrcJITv2.md = ..\docfx\current\namespaces\Ubiquity.NET.Llvm.OrcJITv2.md
		..\docfx\current\namespaces\Ubiquity.NET.Llvm.Transforms.Legacy.md = ..\docfx\current\namespaces\Ubiquity.NET.Llvm.Transforms.Legacy.md
		..\docfx\current\namespaces\Ubiquity.NET.Llvm.Types.md = ..\docfx\current\namespaces\Ubiquity.NET.Llvm.Types.md
		..\docfx\current\namespaces\Ubiquity.NET.Llvm.Values.md = ..\docfx\current\namespaces\Ubiquity.NET.Llvm.Values.md
	EndProjectSection
EndProject
Project("{2150E333-8FDC-42A3-9474-1A3956D46DE8}") = "api", "api", "{1C1E173D-01DA-48AC-B2AB-FD464AAEB7C0}"
	ProjectSection(SolutionItems) = preProject
		..\docfx\current\api\index.md = ..\docfx\current\api\index.md
	EndProjectSection
EndProject
Project("{2150E333-8FDC-42A3-9474-1A3956D46DE8}") = "templates", "templates", "{81241FE3-1998-4D1B-8BFF-68EC30F91BBF}"
EndProject
Project("{2150E333-8FDC-42A3-9474-1A3956D46DE8}") = "Ubiquity", "Ubiquity", "{20E46DA3-EB94-4B91-ADFF-58F9A202162B}"
	ProjectSection(SolutionItems) = preProject
		..\docfx\templates\Ubiquity\ReadMe.md = ..\docfx\templates\Ubiquity\ReadMe.md
	EndProjectSection
EndProject
Project("{2150E333-8FDC-42A3-9474-1A3956D46DE8}") = "public", "public", "{BC13FE7F-CD88-488E-8A79-6B08A5BEABDF}"
	ProjectSection(SolutionItems) = preProject
		..\docfx\templates\Ubiquity\public\main.js = ..\docfx\templates\Ubiquity\public\main.js
	EndProjectSection
EndProject
Project("{FAE04EC0-301F-11D3-BF4B-00C04F79EFBC}") = "Ubiquity.NET.Runtime.Utils", "Ubiquity.NET.Runtime.Utils\Ubiquity.NET.Runtime.Utils.csproj", "{E624FCCB-FFCD-468A-9D48-A407A64B145E}"
EndProject
Project("{FAE04EC0-301F-11D3-BF4B-00C04F79EFBC}") = "Ubiquity.NET.ANTLR.Utils", "Ubiquity.NET.ANTLR.Utils\Ubiquity.NET.ANTLR.Utils.csproj", "{E4A525A4-8AE3-40CB-861C-9F398E127AF9}"
EndProject
Project("{FAE04EC0-301F-11D3-BF4B-00C04F79EFBC}") = "Ubiquity.NET.Extensions", "Ubiquity.NET.Extensions\Ubiquity.NET.Extensions.csproj", "{B5DF60AC-EA5F-4F35-8F7C-B761AD4478D9}"
EndProject
Global
	GlobalSection(SolutionConfigurationPlatforms) = preSolution
		Debug|Any CPU = Debug|Any CPU
		Release|Any CPU = Release|Any CPU
	EndGlobalSection
	GlobalSection(ProjectConfigurationPlatforms) = postSolution
		{0162C8CE-6641-4922-8664-F8A44356FBF7}.Debug|Any CPU.ActiveCfg = Debug|Any CPU
		{0162C8CE-6641-4922-8664-F8A44356FBF7}.Debug|Any CPU.Build.0 = Debug|Any CPU
		{0162C8CE-6641-4922-8664-F8A44356FBF7}.Release|Any CPU.ActiveCfg = Release|Any CPU
		{0162C8CE-6641-4922-8664-F8A44356FBF7}.Release|Any CPU.Build.0 = Release|Any CPU
		{CEB67C1D-E224-4942-AA65-3F6C12F49076}.Debug|Any CPU.ActiveCfg = Debug|Any CPU
		{CEB67C1D-E224-4942-AA65-3F6C12F49076}.Debug|Any CPU.Build.0 = Debug|Any CPU
		{CEB67C1D-E224-4942-AA65-3F6C12F49076}.Release|Any CPU.ActiveCfg = Release|Any CPU
		{CEB67C1D-E224-4942-AA65-3F6C12F49076}.Release|Any CPU.Build.0 = Release|Any CPU
		{3EA63BAA-8877-4682-B0BA-AB896A502FFF}.Debug|Any CPU.ActiveCfg = Debug|Any CPU
		{3EA63BAA-8877-4682-B0BA-AB896A502FFF}.Debug|Any CPU.Build.0 = Debug|Any CPU
		{3EA63BAA-8877-4682-B0BA-AB896A502FFF}.Release|Any CPU.ActiveCfg = Release|Any CPU
		{3EA63BAA-8877-4682-B0BA-AB896A502FFF}.Release|Any CPU.Build.0 = Release|Any CPU
		{802FFA0F-B1CE-415B-97CC-49AC6AC4C2DA}.Debug|Any CPU.ActiveCfg = Debug|Any CPU
		{802FFA0F-B1CE-415B-97CC-49AC6AC4C2DA}.Debug|Any CPU.Build.0 = Debug|Any CPU
		{802FFA0F-B1CE-415B-97CC-49AC6AC4C2DA}.Release|Any CPU.ActiveCfg = Release|Any CPU
		{802FFA0F-B1CE-415B-97CC-49AC6AC4C2DA}.Release|Any CPU.Build.0 = Release|Any CPU
		{C2116838-8EE7-456B-A628-712F99C8A1C5}.Debug|Any CPU.ActiveCfg = Debug|Any CPU
		{C2116838-8EE7-456B-A628-712F99C8A1C5}.Debug|Any CPU.Build.0 = Debug|Any CPU
		{C2116838-8EE7-456B-A628-712F99C8A1C5}.Release|Any CPU.ActiveCfg = Release|Any CPU
		{C2116838-8EE7-456B-A628-712F99C8A1C5}.Release|Any CPU.Build.0 = Release|Any CPU
		{07F414FF-D463-40DE-BBA6-AD352F7F1918}.Debug|Any CPU.ActiveCfg = Debug|Any CPU
		{07F414FF-D463-40DE-BBA6-AD352F7F1918}.Debug|Any CPU.Build.0 = Debug|Any CPU
		{07F414FF-D463-40DE-BBA6-AD352F7F1918}.Release|Any CPU.ActiveCfg = Release|Any CPU
		{07F414FF-D463-40DE-BBA6-AD352F7F1918}.Release|Any CPU.Build.0 = Release|Any CPU
		{F9630318-02EE-4BF2-8E6F-CB1025487052}.Debug|Any CPU.ActiveCfg = Debug|Any CPU
		{F9630318-02EE-4BF2-8E6F-CB1025487052}.Debug|Any CPU.Build.0 = Debug|Any CPU
		{F9630318-02EE-4BF2-8E6F-CB1025487052}.Release|Any CPU.ActiveCfg = Release|Any CPU
		{F9630318-02EE-4BF2-8E6F-CB1025487052}.Release|Any CPU.Build.0 = Release|Any CPU
		{DFDCA901-041C-4B78-9F66-4B6F6E98E29D}.Debug|Any CPU.ActiveCfg = Debug|Any CPU
		{DFDCA901-041C-4B78-9F66-4B6F6E98E29D}.Debug|Any CPU.Build.0 = Debug|Any CPU
		{DFDCA901-041C-4B78-9F66-4B6F6E98E29D}.Release|Any CPU.ActiveCfg = Release|Any CPU
		{DFDCA901-041C-4B78-9F66-4B6F6E98E29D}.Release|Any CPU.Build.0 = Release|Any CPU
		{385172C5-40FB-411D-9483-7D31E9AE3CA2}.Debug|Any CPU.ActiveCfg = Debug|Any CPU
		{385172C5-40FB-411D-9483-7D31E9AE3CA2}.Debug|Any CPU.Build.0 = Debug|Any CPU
		{385172C5-40FB-411D-9483-7D31E9AE3CA2}.Release|Any CPU.ActiveCfg = Release|Any CPU
		{385172C5-40FB-411D-9483-7D31E9AE3CA2}.Release|Any CPU.Build.0 = Release|Any CPU
		{091C3D70-3D54-4673-B34C-7F936B652D21}.Debug|Any CPU.ActiveCfg = Debug|Any CPU
		{091C3D70-3D54-4673-B34C-7F936B652D21}.Debug|Any CPU.Build.0 = Debug|Any CPU
		{091C3D70-3D54-4673-B34C-7F936B652D21}.Release|Any CPU.ActiveCfg = Release|Any CPU
		{091C3D70-3D54-4673-B34C-7F936B652D21}.Release|Any CPU.Build.0 = Release|Any CPU
		{88463779-D746-427C-B951-4E4FF25BC532}.Debug|Any CPU.ActiveCfg = Debug|Any CPU
		{88463779-D746-427C-B951-4E4FF25BC532}.Debug|Any CPU.Build.0 = Debug|Any CPU
		{88463779-D746-427C-B951-4E4FF25BC532}.Release|Any CPU.ActiveCfg = Release|Any CPU
		{88463779-D746-427C-B951-4E4FF25BC532}.Release|Any CPU.Build.0 = Release|Any CPU
		{DF586B9E-C590-459F-AD5A-F2E023E3CB45}.Debug|Any CPU.ActiveCfg = Debug|Any CPU
		{DF586B9E-C590-459F-AD5A-F2E023E3CB45}.Debug|Any CPU.Build.0 = Debug|Any CPU
		{DF586B9E-C590-459F-AD5A-F2E023E3CB45}.Release|Any CPU.ActiveCfg = Release|Any CPU
		{DF586B9E-C590-459F-AD5A-F2E023E3CB45}.Release|Any CPU.Build.0 = Release|Any CPU
		{0A43B467-DAC7-4831-BB0E-0FE496213E51}.Debug|Any CPU.ActiveCfg = Debug|Any CPU
		{0A43B467-DAC7-4831-BB0E-0FE496213E51}.Debug|Any CPU.Build.0 = Debug|Any CPU
		{0A43B467-DAC7-4831-BB0E-0FE496213E51}.Release|Any CPU.ActiveCfg = Release|Any CPU
		{0A43B467-DAC7-4831-BB0E-0FE496213E51}.Release|Any CPU.Build.0 = Release|Any CPU
		{50AB0DAA-77B1-4C02-9A1F-2C8E7E7D9A88}.Debug|Any CPU.ActiveCfg = Debug|Any CPU
		{50AB0DAA-77B1-4C02-9A1F-2C8E7E7D9A88}.Debug|Any CPU.Build.0 = Debug|Any CPU
		{50AB0DAA-77B1-4C02-9A1F-2C8E7E7D9A88}.Release|Any CPU.ActiveCfg = Release|Any CPU
		{50AB0DAA-77B1-4C02-9A1F-2C8E7E7D9A88}.Release|Any CPU.Build.0 = Release|Any CPU
		{752FFF38-2B50-4341-ABF5-CCAE013388AE}.Debug|Any CPU.ActiveCfg = Debug|Any CPU
		{752FFF38-2B50-4341-ABF5-CCAE013388AE}.Debug|Any CPU.Build.0 = Debug|Any CPU
		{752FFF38-2B50-4341-ABF5-CCAE013388AE}.Release|Any CPU.ActiveCfg = Release|Any CPU
		{752FFF38-2B50-4341-ABF5-CCAE013388AE}.Release|Any CPU.Build.0 = Release|Any CPU
		{05999102-248A-4682-88E2-CB62FAB29F9B}.Debug|Any CPU.ActiveCfg = Debug|Any CPU
		{05999102-248A-4682-88E2-CB62FAB29F9B}.Debug|Any CPU.Build.0 = Debug|Any CPU
		{05999102-248A-4682-88E2-CB62FAB29F9B}.Release|Any CPU.ActiveCfg = Release|Any CPU
		{05999102-248A-4682-88E2-CB62FAB29F9B}.Release|Any CPU.Build.0 = Release|Any CPU
		{E3F83E17-02C9-4CFF-802D-80AAD9900D9B}.Debug|Any CPU.ActiveCfg = Debug|Any CPU
		{E3F83E17-02C9-4CFF-802D-80AAD9900D9B}.Debug|Any CPU.Build.0 = Debug|Any CPU
		{E3F83E17-02C9-4CFF-802D-80AAD9900D9B}.Release|Any CPU.ActiveCfg = Release|Any CPU
		{E3F83E17-02C9-4CFF-802D-80AAD9900D9B}.Release|Any CPU.Build.0 = Release|Any CPU
		{3F2B911D-D437-4F15-ADC4-4C7A4ABB5389}.Debug|Any CPU.ActiveCfg = Debug|Any CPU
		{3F2B911D-D437-4F15-ADC4-4C7A4ABB5389}.Debug|Any CPU.Build.0 = Debug|Any CPU
		{3F2B911D-D437-4F15-ADC4-4C7A4ABB5389}.Release|Any CPU.ActiveCfg = Release|Any CPU
		{3F2B911D-D437-4F15-ADC4-4C7A4ABB5389}.Release|Any CPU.Build.0 = Release|Any CPU
		{16142073-B70D-48B3-B63B-23211F2C7CFE}.Debug|Any CPU.ActiveCfg = Debug|Any CPU
		{16142073-B70D-48B3-B63B-23211F2C7CFE}.Debug|Any CPU.Build.0 = Debug|Any CPU
		{16142073-B70D-48B3-B63B-23211F2C7CFE}.Release|Any CPU.ActiveCfg = Release|Any CPU
		{16142073-B70D-48B3-B63B-23211F2C7CFE}.Release|Any CPU.Build.0 = Release|Any CPU
		{E889787A-8DC4-4CA9-ABD0-FF6646B37BA9}.Debug|Any CPU.ActiveCfg = Debug|Any CPU
		{E889787A-8DC4-4CA9-ABD0-FF6646B37BA9}.Debug|Any CPU.Build.0 = Debug|Any CPU
		{E889787A-8DC4-4CA9-ABD0-FF6646B37BA9}.Release|Any CPU.ActiveCfg = Release|Any CPU
		{E889787A-8DC4-4CA9-ABD0-FF6646B37BA9}.Release|Any CPU.Build.0 = Release|Any CPU
		{3D534AD9-820D-4ABC-95BD-DCA0DF6C05E1}.Debug|Any CPU.ActiveCfg = Debug|Any CPU
		{3D534AD9-820D-4ABC-95BD-DCA0DF6C05E1}.Debug|Any CPU.Build.0 = Debug|Any CPU
		{3D534AD9-820D-4ABC-95BD-DCA0DF6C05E1}.Release|Any CPU.ActiveCfg = Release|Any CPU
		{3D534AD9-820D-4ABC-95BD-DCA0DF6C05E1}.Release|Any CPU.Build.0 = Release|Any CPU
		{E624FCCB-FFCD-468A-9D48-A407A64B145E}.Debug|Any CPU.ActiveCfg = Debug|Any CPU
		{E624FCCB-FFCD-468A-9D48-A407A64B145E}.Debug|Any CPU.Build.0 = Debug|Any CPU
		{E624FCCB-FFCD-468A-9D48-A407A64B145E}.Release|Any CPU.ActiveCfg = Release|Any CPU
		{E624FCCB-FFCD-468A-9D48-A407A64B145E}.Release|Any CPU.Build.0 = Release|Any CPU
		{E4A525A4-8AE3-40CB-861C-9F398E127AF9}.Debug|Any CPU.ActiveCfg = Debug|Any CPU
		{E4A525A4-8AE3-40CB-861C-9F398E127AF9}.Debug|Any CPU.Build.0 = Debug|Any CPU
		{E4A525A4-8AE3-40CB-861C-9F398E127AF9}.Release|Any CPU.ActiveCfg = Release|Any CPU
		{E4A525A4-8AE3-40CB-861C-9F398E127AF9}.Release|Any CPU.Build.0 = Release|Any CPU
		{B5DF60AC-EA5F-4F35-8F7C-B761AD4478D9}.Debug|Any CPU.ActiveCfg = Debug|Any CPU
		{B5DF60AC-EA5F-4F35-8F7C-B761AD4478D9}.Debug|Any CPU.Build.0 = Debug|Any CPU
		{B5DF60AC-EA5F-4F35-8F7C-B761AD4478D9}.Release|Any CPU.ActiveCfg = Release|Any CPU
		{B5DF60AC-EA5F-4F35-8F7C-B761AD4478D9}.Release|Any CPU.Build.0 = Release|Any CPU
	EndGlobalSection
	GlobalSection(SolutionProperties) = preSolution
		HideSolutionNode = FALSE
	EndGlobalSection
	GlobalSection(NestedProjects) = preSolution
		{CEB67C1D-E224-4942-AA65-3F6C12F49076} = {2204ABFA-65AA-4506-8FB0-D742B583246A}
		{62418FA2-81F2-475F-B735-7B108EBE960D} = {2204ABFA-65AA-4506-8FB0-D742B583246A}
		{3EA63BAA-8877-4682-B0BA-AB896A502FFF} = {62418FA2-81F2-475F-B735-7B108EBE960D}
		{802FFA0F-B1CE-415B-97CC-49AC6AC4C2DA} = {62418FA2-81F2-475F-B735-7B108EBE960D}
		{C2116838-8EE7-456B-A628-712F99C8A1C5} = {62418FA2-81F2-475F-B735-7B108EBE960D}
		{07F414FF-D463-40DE-BBA6-AD352F7F1918} = {62418FA2-81F2-475F-B735-7B108EBE960D}
		{F9630318-02EE-4BF2-8E6F-CB1025487052} = {62418FA2-81F2-475F-B735-7B108EBE960D}
		{DFDCA901-041C-4B78-9F66-4B6F6E98E29D} = {62418FA2-81F2-475F-B735-7B108EBE960D}
		{385172C5-40FB-411D-9483-7D31E9AE3CA2} = {62418FA2-81F2-475F-B735-7B108EBE960D}
		{091C3D70-3D54-4673-B34C-7F936B652D21} = {62418FA2-81F2-475F-B735-7B108EBE960D}
		{88463779-D746-427C-B951-4E4FF25BC532} = {62418FA2-81F2-475F-B735-7B108EBE960D}
		{DF586B9E-C590-459F-AD5A-F2E023E3CB45} = {62418FA2-81F2-475F-B735-7B108EBE960D}
		{0A43B467-DAC7-4831-BB0E-0FE496213E51} = {62418FA2-81F2-475F-B735-7B108EBE960D}
		{752FFF38-2B50-4341-ABF5-CCAE013388AE} = {62418FA2-81F2-475F-B735-7B108EBE960D}
		{E3F83E17-02C9-4CFF-802D-80AAD9900D9B} = {5348150E-6276-4A5F-99FD-A7936E75D206}
		{3F2B911D-D437-4F15-ADC4-4C7A4ABB5389} = {5348150E-6276-4A5F-99FD-A7936E75D206}
		{16142073-B70D-48B3-B63B-23211F2C7CFE} = {62418FA2-81F2-475F-B735-7B108EBE960D}
		{E889787A-8DC4-4CA9-ABD0-FF6646B37BA9} = {5348150E-6276-4A5F-99FD-A7936E75D206}
		{3D534AD9-820D-4ABC-95BD-DCA0DF6C05E1} = {2204ABFA-65AA-4506-8FB0-D742B583246A}
		{C2FA0515-206D-4A3C-B8CD-8DC89C0186FE} = {02EA681E-C7D8-13C7-8484-4AC65E1B71E8}
		{93AFFAD1-2564-4A81-816B-E59AEC90174C} = {C2FA0515-206D-4A3C-B8CD-8DC89C0186FE}
		{985A8790-EACA-4CB4-BC2E-A6282A29974D} = {93AFFAD1-2564-4A81-816B-E59AEC90174C}
		{9AD040CF-D795-411C-91F4-A76E8E502EBD} = {93AFFAD1-2564-4A81-816B-E59AEC90174C}
		{7E4852CD-E433-41AB-8EAC-08C161E5FE61} = {C2FA0515-206D-4A3C-B8CD-8DC89C0186FE}
		{1C1E173D-01DA-48AC-B2AB-FD464AAEB7C0} = {C2FA0515-206D-4A3C-B8CD-8DC89C0186FE}
		{81241FE3-1998-4D1B-8BFF-68EC30F91BBF} = {02EA681E-C7D8-13C7-8484-4AC65E1B71E8}
		{20E46DA3-EB94-4B91-ADFF-58F9A202162B} = {81241FE3-1998-4D1B-8BFF-68EC30F91BBF}
		{BC13FE7F-CD88-488E-8A79-6B08A5BEABDF} = {20E46DA3-EB94-4B91-ADFF-58F9A202162B}
	EndGlobalSection
	GlobalSection(ExtensibilityGlobals) = postSolution
		SolutionGuid = {EF28D186-279B-4E91-9BE8-644B6E018432}
	EndGlobalSection
EndGlobal
